
Microsoft Visual Studio Solution File, Format Version 12.00
# Visual Studio Version 17
VisualStudioVersion = 17.3.32929.385
MinimumVisualStudioVersion = 10.0.40219.1
Project("{FAE04EC0-301F-11D3-BF4B-00C04F79EFBC}") = "BlazorApp1.Server", "BlazorApp1\Server\BlazorApp1.Server.csproj", "{04E1807E-FD68-4CE9-ADF4-4399F0F606B0}"
EndProject
Project("{FAE04EC0-301F-11D3-BF4B-00C04F79EFBC}") = "BlazorApp1.Client", "BlazorApp1\Client\BlazorApp1.Client.csproj", "{4C5F090E-0391-47F5-8BF6-2116E8D65370}"
EndProject
Project("{FAE04EC0-301F-11D3-BF4B-00C04F79EFBC}") = "BlazorApp1.Shared", "BlazorApp1\Shared\BlazorApp1.Shared.csproj", "{233EB415-47A0-4003-AAD9-62AA0483D4D9}"
EndProject
Global
	GlobalSection(SolutionConfigurationPlatforms) = preSolution
		Debug|Any CPU = Debug|Any CPU
		Release|Any CPU = Release|Any CPU
	EndGlobalSection
	GlobalSection(ProjectConfigurationPlatforms) = postSolution
		{04E1807E-FD68-4CE9-ADF4-4399F0F606B0}.Debug|Any CPU.ActiveCfg = Debug|Any CPU
		{04E1807E-FD68-4CE9-ADF4-4399F0F606B0}.Debug|Any CPU.Build.0 = Debug|Any CPU
		{04E1807E-FD68-4CE9-ADF4-4399F0F606B0}.Release|Any CPU.ActiveCfg = Release|Any CPU
		{04E1807E-FD68-4CE9-ADF4-4399F0F606B0}.Release|Any CPU.Build.0 = Release|Any CPU
		{4C5F090E-0391-47F5-8BF6-2116E8D65370}.Debug|Any CPU.ActiveCfg = Debug|Any CPU
		{4C5F090E-0391-47F5-8BF6-2116E8D65370}.Debug|Any CPU.Build.0 = Debug|Any CPU
		{4C5F090E-0391-47F5-8BF6-2116E8D65370}.Release|Any CPU.ActiveCfg = Release|Any CPU
		{4C5F090E-0391-47F5-8BF6-2116E8D65370}.Release|Any CPU.Build.0 = Release|Any CPU
		{233EB415-47A0-4003-AAD9-62AA0483D4D9}.Debug|Any CPU.ActiveCfg = Debug|Any CPU
		{233EB415-47A0-4003-AAD9-62AA0483D4D9}.Debug|Any CPU.Build.0 = Debug|Any CPU
		{233EB415-47A0-4003-AAD9-62AA0483D4D9}.Release|Any CPU.ActiveCfg = Release|Any CPU
		{233EB415-47A0-4003-AAD9-62AA0483D4D9}.Release|Any CPU.Build.0 = Release|Any CPU
	EndGlobalSection
	GlobalSection(SolutionProperties) = preSolution
		HideSolutionNode = FALSE
	EndGlobalSection
	GlobalSection(ExtensibilityGlobals) = postSolution
		SolutionGuid = {069481F6-7DB1-4740-9576-DA9E1354E10A}
	EndGlobalSection
EndGlobal
